
Microsoft Visual Studio Solution File, Format Version 12.00
# Visual Studio Version 17
VisualStudioVersion = 17.1.32328.378
MinimumVisualStudioVersion = 10.0.40219.1
Project("{FAE04EC0-301F-11D3-BF4B-00C04F79EFBC}") = "ConcentrameApi", "ConcentrameApi\ConcentrameApi.csproj", "{00639FC8-5C02-4F3E-9CFA-7DDDF2840865}"
EndProject
Global
	GlobalSection(SolutionConfigurationPlatforms) = preSolution
		Debug|Any CPU = Debug|Any CPU
		Release|Any CPU = Release|Any CPU
	EndGlobalSection
	GlobalSection(ProjectConfigurationPlatforms) = postSolution
		{00639FC8-5C02-4F3E-9CFA-7DDDF2840865}.Debug|Any CPU.ActiveCfg = Debug|Any CPU
		{00639FC8-5C02-4F3E-9CFA-7DDDF2840865}.Debug|Any CPU.Build.0 = Debug|Any CPU
		{00639FC8-5C02-4F3E-9CFA-7DDDF2840865}.Release|Any CPU.ActiveCfg = Release|Any CPU
		{00639FC8-5C02-4F3E-9CFA-7DDDF2840865}.Release|Any CPU.Build.0 = Release|Any CPU
	EndGlobalSection
	GlobalSection(SolutionProperties) = preSolution
		HideSolutionNode = FALSE
	EndGlobalSection
	GlobalSection(ExtensibilityGlobals) = postSolution
		SolutionGuid = {E3396346-3FFA-4B27-BE5A-CC59C99B9068}
	EndGlobalSection
EndGlobal
